
Microsoft Visual Studio Solution File, Format Version 9.00
# Visual C# Express 2005
Project("{FAE04EC0-301F-11D3-BF4B-00C04F79EFBC}") = "Test", "Test\Test.csproj", "{C102778D-7251-45E0-BB1B-485F19B7138D}"
EndProject
Global
	GlobalSection(SolutionConfigurationPlatforms) = preSolution
		Debug|Any CPU = Debug|Any CPU
		Release|Any CPU = Release|Any CPU
	EndGlobalSection
	GlobalSection(ProjectConfigurationPlatforms) = postSolution
		{C102778D-7251-45E0-BB1B-485F19B7138D}.Debug|Any CPU.ActiveCfg = Debug|Any CPU
		{C102778D-7251-45E0-BB1B-485F19B7138D}.Debug|Any CPU.Build.0 = Debug|Any CPU
		{C102778D-7251-45E0-BB1B-485F19B7138D}.Release|Any CPU.ActiveCfg = Release|Any CPU
		{C102778D-7251-45E0-BB1B-485F19B7138D}.Release|Any CPU.Build.0 = Release|Any CPU
	EndGlobalSection
	GlobalSection(SolutionProperties) = preSolution
		HideSolutionNode = FALSE
	EndGlobalSection
EndGlobal
